
Microsoft Visual Studio Solution File, Format Version 12.00
# Visual Studio Version 16
VisualStudioVersion = 16.0.29709.97
MinimumVisualStudioVersion = 10.0.40219.1
Project("{FAE04EC0-301F-11D3-BF4B-00C04F79EFBC}") = "Shop", "Shop.csproj", "{CCD65E5C-A898-4BD3-BC6C-4AE0BC4B791E}"
EndProject
Project("{FAE04EC0-301F-11D3-BF4B-00C04F79EFBC}") = "Shop.Tests", "..\Shop.Tests\Shop.Tests.csproj", "{2D6B7A57-7A58-42A6-8EB0-051AFD41FD73}"
EndProject
Global
	GlobalSection(SolutionConfigurationPlatforms) = preSolution
		Debug|Any CPU = Debug|Any CPU
		Release|Any CPU = Release|Any CPU
	EndGlobalSection
	GlobalSection(ProjectConfigurationPlatforms) = postSolution
		{CCD65E5C-A898-4BD3-BC6C-4AE0BC4B791E}.Debug|Any CPU.ActiveCfg = Debug|Any CPU
		{CCD65E5C-A898-4BD3-BC6C-4AE0BC4B791E}.Debug|Any CPU.Build.0 = Debug|Any CPU
		{CCD65E5C-A898-4BD3-BC6C-4AE0BC4B791E}.Release|Any CPU.ActiveCfg = Release|Any CPU
		{CCD65E5C-A898-4BD3-BC6C-4AE0BC4B791E}.Release|Any CPU.Build.0 = Release|Any CPU
		{2D6B7A57-7A58-42A6-8EB0-051AFD41FD73}.Debug|Any CPU.ActiveCfg = Debug|Any CPU
		{2D6B7A57-7A58-42A6-8EB0-051AFD41FD73}.Debug|Any CPU.Build.0 = Debug|Any CPU
		{2D6B7A57-7A58-42A6-8EB0-051AFD41FD73}.Release|Any CPU.ActiveCfg = Release|Any CPU
		{2D6B7A57-7A58-42A6-8EB0-051AFD41FD73}.Release|Any CPU.Build.0 = Release|Any CPU
	EndGlobalSection
	GlobalSection(SolutionProperties) = preSolution
		HideSolutionNode = FALSE
	EndGlobalSection
	GlobalSection(ExtensibilityGlobals) = postSolution
		SolutionGuid = {631EFEF2-04FF-4079-9E76-7D7C3613E1AC}
	EndGlobalSection
EndGlobal
